
Microsoft Visual Studio Solution File, Format Version 12.00
# Visual Studio Version 17
VisualStudioVersion = 17.10.35027.167
MinimumVisualStudioVersion = 10.0.40219.1
Project("{FAE04EC0-301F-11D3-BF4B-00C04F79EFBC}") = "PatikaWeek13DependencyInjection", "PatikaWeek13DependencyInjection\PatikaWeek13DependencyInjection.csproj", "{CDDBEA7E-49CD-4A90-AA34-2482460B9814}"
EndProject
Global
	GlobalSection(SolutionConfigurationPlatforms) = preSolution
		Debug|Any CPU = Debug|Any CPU
		Release|Any CPU = Release|Any CPU
	EndGlobalSection
	GlobalSection(ProjectConfigurationPlatforms) = postSolution
		{CDDBEA7E-49CD-4A90-AA34-2482460B9814}.Debug|Any CPU.ActiveCfg = Debug|Any CPU
		{CDDBEA7E-49CD-4A90-AA34-2482460B9814}.Debug|Any CPU.Build.0 = Debug|Any CPU
		{CDDBEA7E-49CD-4A90-AA34-2482460B9814}.Release|Any CPU.ActiveCfg = Release|Any CPU
		{CDDBEA7E-49CD-4A90-AA34-2482460B9814}.Release|Any CPU.Build.0 = Release|Any CPU
	EndGlobalSection
	GlobalSection(SolutionProperties) = preSolution
		HideSolutionNode = FALSE
	EndGlobalSection
	GlobalSection(ExtensibilityGlobals) = postSolution
		SolutionGuid = {518A8DAF-E866-4C15-8700-A7EE819CCDF5}
	EndGlobalSection
EndGlobal
